// !$*UTF8*$!
{
	archiveVersion = 1;
	classes = {
	};
	objectVersion = 46;
	objects = {

/* Begin PBXBuildFile section */
		2506E3801FAD67A300628E33 /* main.m in Sources */ = {isa = PBXBuildFile; fileRef = 2506E37F1FAD67A300628E33 /* main.m */; };
		2506E3831FAD67A300628E33 /* AppDelegate.m in Sources */ = {isa = PBXBuildFile; fileRef = 2506E3821FAD67A300628E33 /* AppDelegate.m */; };
		2506E3861FAD67A300628E33 /* ViewController.m in Sources */ = {isa = PBXBuildFile; fileRef = 2506E3851FAD67A300628E33 /* ViewController.m */; };
		2506E3891FAD67A300628E33 /* Main.storyboard in Resources */ = {isa = PBXBuildFile; fileRef = 2506E3871FAD67A300628E33 /* Main.storyboard */; };
		2506E38B1FAD67A300628E33 /* Assets.xcassets in Resources */ = {isa = PBXBuildFile; fileRef = 2506E38A1FAD67A300628E33 /* Assets.xcassets */; };
		2506E38E1FAD67A300628E33 /* LaunchScreen.storyboard in Resources */ = {isa = PBXBuildFile; fileRef = 2506E38C1FAD67A300628E33 /* LaunchScreen.storyboard */; };
		2506E3991FAD67A300628E33 /* XML__GDataXMLTests.m in Sources */ = {isa = PBXBuildFile; fileRef = 2506E3981FAD67A300628E33 /* XML__GDataXMLTests.m */; };
		2506E3A61FAD67C600628E33 /* GDataXMLNode.m in Sources */ = {isa = PBXBuildFile; fileRef = 2506E3A51FAD67C600628E33 /* GDataXMLNode.m */; settings = {COMPILER_FLAGS = "-fno-objc-arc"; }; };
		2506E3A91FAD68D100628E33 /* libxml2.tbd in Frameworks */ = {isa = PBXBuildFile; fileRef = 2506E3A81FAD68D100628E33 /* libxml2.tbd */; };
		2506E3AC1FAD6C3300628E33 /* TBBVideoModel.m in Sources */ = {isa = PBXBuildFile; fileRef = 2506E3AB1FAD6C3300628E33 /* TBBVideoModel.m */; };
/* End PBXBuildFile section */

/* Begin PBXContainerItemProxy section */
		2506E3951FAD67A300628E33 /* PBXContainerItemProxy */ = {
			isa = PBXContainerItemProxy;
			containerPortal = 2506E3731FAD67A300628E33 /* Project object */;
			proxyType = 1;
			remoteGlobalIDString = 2506E37A1FAD67A300628E33;
			remoteInfo = "XML解释GDataXML";
		};
/* End PBXContainerItemProxy section */

/* Begin PBXFileReference section */
		2506E37B1FAD67A300628E33 /* XML解释GDataXML.app */ = {isa = PBXFileReference; explicitFileType = wrapper.application; includeInIndex = 0; path = "XML解释GDataXML.app"; sourceTree = BUILT_PRODUCTS_DIR; };
		2506E37F1FAD67A300628E33 /* main.m */ = {isa = PBXFileReference; lastKnownFileType = sourcecode.c.objc; path = main.m; sourceTree = "<group>"; };
		2506E3811FAD67A300628E33 /* AppDelegate.h */ = {isa = PBXFileReference; lastKnownFileType = sourcecode.c.h; path = AppDelegate.h; sourceTree = "<group>"; };
		2506E3821FAD67A300628E33 /* AppDelegate.m */ = {isa = PBXFileReference; lastKnownFileType = sourcecode.c.objc; path = AppDelegate.m; sourceTree = "<group>"; };
		2506E3841FAD67A300628E33 /* ViewController.h */ = {isa = PBXFileReference; lastKnownFileType = sourcecode.c.h; path = ViewController.h; sourceTree = "<group>"; };
		2506E3851FAD67A300628E33 /* ViewController.m */ = {isa = PBXFileReference; lastKnownFileType = sourcecode.c.objc; path = ViewController.m; sourceTree = "<group>"; };
		2506E3881FAD67A300628E33 /* Base */ = {isa = PBXFileReference; lastKnownFileType = file.storyboard; name = Base; path = Base.lproj/Main.storyboard; sourceTree = "<group>"; };
		2506E38A1FAD67A300628E33 /* Assets.xcassets */ = {isa = PBXFileReference; lastKnownFileType = folder.assetcatalog; path = Assets.xcassets; sourceTree = "<group>"; };
		2506E38D1FAD67A300628E33 /* Base */ = {isa = PBXFileReference; lastKnownFileType = file.storyboard; name = Base; path = Base.lproj/LaunchScreen.storyboard; sourceTree = "<group>"; };
		2506E38F1FAD67A300628E33 /* Info.plist */ = {isa = PBXFileReference; lastKnownFileType = text.plist.xml; path = Info.plist; sourceTree = "<group>"; };
		2506E3941FAD67A300628E33 /* XML解释GDataXMLTests.xctest */ = {isa = PBXFileReference; explicitFileType = wrapper.cfbundle; includeInIndex = 0; path = "XML解释GDataXMLTests.xctest"; sourceTree = BUILT_PRODUCTS_DIR; };
		2506E3981FAD67A300628E33 /* XML__GDataXMLTests.m */ = {isa = PBXFileReference; lastKnownFileType = sourcecode.c.objc; path = XML__GDataXMLTests.m; sourceTree = "<group>"; };
		2506E39A1FAD67A300628E33 /* Info.plist */ = {isa = PBXFileReference; lastKnownFileType = text.plist.xml; path = Info.plist; sourceTree = "<group>"; };
		2506E3A41FAD67C600628E33 /* GDataXMLNode.h */ = {isa = PBXFileReference; fileEncoding = 4; lastKnownFileType = sourcecode.c.h; path = GDataXMLNode.h; sourceTree = "<group>"; };
		2506E3A51FAD67C600628E33 /* GDataXMLNode.m */ = {isa = PBXFileReference; fileEncoding = 4; lastKnownFileType = sourcecode.c.objc; path = GDataXMLNode.m; sourceTree = "<group>"; };
		2506E3A81FAD68D100628E33 /* libxml2.tbd */ = {isa = PBXFileReference; lastKnownFileType = "sourcecode.text-based-dylib-definition"; name = libxml2.tbd; path = usr/lib/libxml2.tbd; sourceTree = SDKROOT; };
		2506E3AA1FAD6C3300628E33 /* TBBVideoModel.h */ = {isa = PBXFileReference; fileEncoding = 4; lastKnownFileType = sourcecode.c.h; path = TBBVideoModel.h; sourceTree = "<group>"; };
		2506E3AB1FAD6C3300628E33 /* TBBVideoModel.m */ = {isa = PBXFileReference; fileEncoding = 4; lastKnownFileType = sourcecode.c.objc; path = TBBVideoModel.m; sourceTree = "<group>"; };
/* End PBXFileReference section */

/* Begin PBXFrameworksBuildPhase section */
		2506E3781FAD67A300628E33 /* Frameworks */ = {
			isa = PBXFrameworksBuildPhase;
			buildActionMask = 2147483647;
			files = (
				2506E3A91FAD68D100628E33 /* libxml2.tbd in Frameworks */,
			);
			runOnlyForDeploymentPostprocessing = 0;
		};
		2506E3911FAD67A300628E33 /* Frameworks */ = {
			isa = PBXFrameworksBuildPhase;
			buildActionMask = 2147483647;
			files = (
			);
			runOnlyForDeploymentPostprocessing = 0;
		};
/* End PBXFrameworksBuildPhase section */

/* Begin PBXGroup section */
		2506E3721FAD67A300628E33 = {
			isa = PBXGroup;
			children = (
				2506E37D1FAD67A300628E33 /* XML解释GDataXML */,
				2506E3971FAD67A300628E33 /* XML解释GDataXMLTests */,
				2506E37C1FAD67A300628E33 /* Products */,
				2506E3A71FAD68D100628E33 /* Frameworks */,
			);
			sourceTree = "<group>";
		};
		2506E37C1FAD67A300628E33 /* Products */ = {
			isa = PBXGroup;
			children = (
				2506E37B1FAD67A300628E33 /* XML解释GDataXML.app */,
				2506E3941FAD67A300628E33 /* XML解释GDataXMLTests.xctest */,
			);
			name = Products;
			sourceTree = "<group>";
		};
		2506E37D1FAD67A300628E33 /* XML解释GDataXML */ = {
			isa = PBXGroup;
			children = (
				2506E3AA1FAD6C3300628E33 /* TBBVideoModel.h */,
				2506E3AB1FAD6C3300628E33 /* TBBVideoModel.m */,
				2506E3A31FAD67C600628E33 /* GDataXML */,
				2506E3811FAD67A300628E33 /* AppDelegate.h */,
				2506E3821FAD67A300628E33 /* AppDelegate.m */,
				2506E3841FAD67A300628E33 /* ViewController.h */,
				2506E3851FAD67A300628E33 /* ViewController.m */,
				2506E3871FAD67A300628E33 /* Main.storyboard */,
				2506E38A1FAD67A300628E33 /* Assets.xcassets */,
				2506E38C1FAD67A300628E33 /* LaunchScreen.storyboard */,
				2506E38F1FAD67A300628E33 /* Info.plist */,
				2506E37E1FAD67A300628E33 /* Supporting Files */,
			);
			path = "XML解释GDataXML";
			sourceTree = "<group>";
		};
		2506E37E1FAD67A300628E33 /* Supporting Files */ = {
			isa = PBXGroup;
			children = (
				2506E37F1FAD67A300628E33 /* main.m */,
			);
			name = "Supporting Files";
			sourceTree = "<group>";
		};
		2506E3971FAD67A300628E33 /* XML解释GDataXMLTests */ = {
			isa = PBXGroup;
			children = (
				2506E3981FAD67A300628E33 /* XML__GDataXMLTests.m */,
				2506E39A1FAD67A300628E33 /* Info.plist */,
			);
			path = "XML解释GDataXMLTests";
			sourceTree = "<group>";
		};
		2506E3A31FAD67C600628E33 /* GDataXML */ = {
			isa = PBXGroup;
			children = (
				2506E3A41FAD67C600628E33 /* GDataXMLNode.h */,
				2506E3A51FAD67C600628E33 /* GDataXMLNode.m */,
			);
			path = GDataXML;
			sourceTree = "<group>";
		};
		2506E3A71FAD68D100628E33 /* Frameworks */ = {
			isa = PBXGroup;
			children = (
				2506E3A81FAD68D100628E33 /* libxml2.tbd */,
			);
			name = Frameworks;
			sourceTree = "<group>";
		};
/* End PBXGroup section */

/* Begin PBXNativeTarget section */
		2506E37A1FAD67A300628E33 /* XML解释GDataXML */ = {
			isa = PBXNativeTarget;
			buildConfigurationList = 2506E39D1FAD67A300628E33 /* Build configuration list for PBXNativeTarget "XML解释GDataXML" */;
			buildPhases = (
				2506E3771FAD67A300628E33 /* Sources */,
				2506E3781FAD67A300628E33 /* Frameworks */,
				2506E3791FAD67A300628E33 /* Resources */,
			);
			buildRules = (
			);
			dependencies = (
			);
			name = "XML解释GDataXML";
			productName = "XML解释GDataXML";
			productReference = 2506E37B1FAD67A300628E33 /* XML解释GDataXML.app */;
			productType = "com.apple.product-type.application";
		};
		2506E3931FAD67A300628E33 /* XML解释GDataXMLTests */ = {
			isa = PBXNativeTarget;
			buildConfigurationList = 2506E3A01FAD67A300628E33 /* Build configuration list for PBXNativeTarget "XML解释GDataXMLTests" */;
			buildPhases = (
				2506E3901FAD67A300628E33 /* Sources */,
				2506E3911FAD67A300628E33 /* Frameworks */,
				2506E3921FAD67A300628E33 /* Resources */,
			);
			buildRules = (
			);
			dependencies = (
				2506E3961FAD67A300628E33 /* PBXTargetDependency */,
			);
			name = "XML解释GDataXMLTests";
			productName = "XML解释GDataXMLTests";
			productReference = 2506E3941FAD67A300628E33 /* XML解释GDataXMLTests.xctest */;
			productType = "com.apple.product-type.bundle.unit-test";
		};
/* End PBXNativeTarget section */

/* Begin PBXProject section */
		2506E3731FAD67A300628E33 /* Project object */ = {
			isa = PBXProject;
			attributes = {
				LastUpgradeCheck = 0830;
				ORGANIZATIONNAME = tbb;
				TargetAttributes = {
					2506E37A1FAD67A300628E33 = {
						CreatedOnToolsVersion = 8.3.3;
						ProvisioningStyle = Automatic;
					};
					2506E3931FAD67A300628E33 = {
						CreatedOnToolsVersion = 8.3.3;
						ProvisioningStyle = Automatic;
						TestTargetID = 2506E37A1FAD67A300628E33;
					};
				};
			};
			buildConfigurationList = 2506E3761FAD67A300628E33 /* Build configuration list for PBXProject "XML解释GDataXML" */;
			compatibilityVersion = "Xcode 3.2";
			developmentRegion = English;
			hasScannedForEncodings = 0;
			knownRegions = (
				en,
				Base,
			);
			mainGroup = 2506E3721FAD67A300628E33;
			productRefGroup = 2506E37C1FAD67A300628E33 /* Products */;
			projectDirPath = "";
			projectRoot = "";
			targets = (
				2506E37A1FAD67A300628E33 /* XML解释GDataXML */,
				2506E3931FAD67A300628E33 /* XML解释GDataXMLTests */,
			);
		};
/* End PBXProject section */

/* Begin PBXResourcesBuildPhase section */
		2506E3791FAD67A300628E33 /* Resources */ = {
			isa = PBXResourcesBuildPhase;
			buildActionMask = 2147483647;
			files = (
				2506E38E1FAD67A300628E33 /* LaunchScreen.storyboard in Resources */,
				2506E38B1FAD67A300628E33 /* Assets.xcassets in Resources */,
				2506E3891FAD67A300628E33 /* Main.storyboard in Resources */,
			);
			runOnlyForDeploymentPostprocessing = 0;
		};
		2506E3921FAD67A300628E33 /* Resources */ = {
			isa = PBXResourcesBuildPhase;
			buildActionMask = 2147483647;
			files = (
			);
			runOnlyForDeploymentPostprocessing = 0;
		};
/* End PBXResourcesBuildPhase section */

/* Begin PBXSourcesBuildPhase section */
		2506E3771FAD67A300628E33 /* Sources */ = {
			isa = PBXSourcesBuildPhase;
			buildActionMask = 2147483647;
			files = (
				2506E3861FAD67A300628E33 /* ViewController.m in Sources */,
				2506E3AC1FAD6C3300628E33 /* TBBVideoModel.m in Sources */,
				2506E3A61FAD67C600628E33 /* GDataXMLNode.m in Sources */,
				2506E3831FAD67A300628E33 /* AppDelegate.m in Sources */,
				2506E3801FAD67A300628E33 /* main.m in Sources */,
			);
			runOnlyForDeploymentPostprocessing = 0;
		};
		2506E3901FAD67A300628E33 /* Sources */ = {
			isa = PBXSourcesBuildPhase;
			buildActionMask = 2147483647;
			files = (
				2506E3991FAD67A300628E33 /* XML__GDataXMLTests.m in Sources */,
			);
			runOnlyForDeploymentPostprocessing = 0;
		};
/* End PBXSourcesBuildPhase section */

/* Begin PBXTargetDependency section */
		2506E3961FAD67A300628E33 /* PBXTargetDependency */ = {
			isa = PBXTargetDependency;
			target = 2506E37A1FAD67A300628E33 /* XML解释GDataXML */;
			targetProxy = 2506E3951FAD67A300628E33 /* PBXContainerItemProxy */;
		};
/* End PBXTargetDependency section */

/* Begin PBXVariantGroup section */
		2506E3871FAD67A300628E33 /* Main.storyboard */ = {
			isa = PBXVariantGroup;
			children = (
				2506E3881FAD67A300628E33 /* Base */,
			);
			name = Main.storyboard;
			sourceTree = "<group>";
		};
		2506E38C1FAD67A300628E33 /* LaunchScreen.storyboard */ = {
			isa = PBXVariantGroup;
			children = (
				2506E38D1FAD67A300628E33 /* Base */,
			);
			name = LaunchScreen.storyboard;
			sourceTree = "<group>";
		};
/* End PBXVariantGroup section */

/* Begin XCBuildConfiguration section */
		2506E39B1FAD67A300628E33 /* Debug */ = {
			isa = XCBuildConfiguration;
			buildSettings = {
				ALWAYS_SEARCH_USER_PATHS = NO;
				CLANG_ANALYZER_NONNULL = YES;
				CLANG_ANALYZER_NUMBER_OBJECT_CONVERSION = YES_AGGRESSIVE;
				CLANG_CXX_LANGUAGE_STANDARD = "gnu++0x";
				CLANG_CXX_LIBRARY = "libc++";
				CLANG_ENABLE_MODULES = YES;
				CLANG_ENABLE_OBJC_ARC = YES;
				CLANG_WARN_BOOL_CONVERSION = YES;
				CLANG_WARN_CONSTANT_CONVERSION = YES;
				CLANG_WARN_DIRECT_OBJC_ISA_USAGE = YES_ERROR;
				CLANG_WARN_DOCUMENTATION_COMMENTS = YES;
				CLANG_WARN_EMPTY_BODY = YES;
				CLANG_WARN_ENUM_CONVERSION = YES;
				CLANG_WARN_INFINITE_RECURSION = YES;
				CLANG_WARN_INT_CONVERSION = YES;
				CLANG_WARN_OBJC_ROOT_CLASS = YES_ERROR;
				CLANG_WARN_SUSPICIOUS_MOVE = YES;
				CLANG_WARN_UNREACHABLE_CODE = YES;
				CLANG_WARN__DUPLICATE_METHOD_MATCH = YES;
				"CODE_SIGN_IDENTITY[sdk=iphoneos*]" = "iPhone Developer";
				COPY_PHASE_STRIP = NO;
				DEBUG_INFORMATION_FORMAT = dwarf;
				ENABLE_STRICT_OBJC_MSGSEND = YES;
				ENABLE_TESTABILITY = YES;
				GCC_C_LANGUAGE_STANDARD = gnu99;
				GCC_DYNAMIC_NO_PIC = NO;
				GCC_NO_COMMON_BLOCKS = YES;
				GCC_OPTIMIZATION_LEVEL = 0;
				GCC_PREPROCESSOR_DEFINITIONS = (
					"DEBUG=1",
					"$(inherited)",
				);
				GCC_WARN_64_TO_32_BIT_CONVERSION = YES;
				GCC_WARN_ABOUT_RETURN_TYPE = YES_ERROR;
				GCC_WARN_UNDECLARED_SELECTOR = YES;
				GCC_WARN_UNINITIALIZED_AUTOS = YES_AGGRESSIVE;
				GCC_WARN_UNUSED_FUNCTION = YES;
				GCC_WARN_UNUSED_VARIABLE = YES;
				IPHONEOS_DEPLOYMENT_TARGET = 10.3;
				MTL_ENABLE_DEBUG_INFO = YES;
				ONLY_ACTIVE_ARCH = YES;
				SDKROOT = iphoneos;
			};
			name = Debug;
		};
		2506E39C1FAD67A300628E33 /* Release */ = {
			isa = XCBuildConfiguration;
			buildSettings = {
				ALWAYS_SEARCH_USER_PATHS = NO;
				CLANG_ANALYZER_NONNULL = YES;
				CLANG_ANALYZER_NUMBER_OBJECT_CONVERSION = YES_AGGRESSIVE;
				CLANG_CXX_LANGUAGE_STANDARD = "gnu++0x";
				CLANG_CXX_LIBRARY = "libc++";
				CLANG_ENABLE_MODULES = YES;
				CLANG_ENABLE_OBJC_ARC = YES;
				CLANG_WARN_BOOL_CONVERSION = YES;
				CLANG_WARN_CONSTANT_CONVERSION = YES;
				CLANG_WARN_DIRECT_OBJC_ISA_USAGE = YES_ERROR;
				CLANG_WARN_DOCUMENTATION_COMMENTS = YES;
				CLANG_WARN_EMPTY_BODY = YES;
				CLANG_WARN_ENUM_CONVERSION = YES;
				CLANG_WARN_INFINITE_RECURSION = YES;
				CLANG_WARN_INT_CONVERSION = YES;
				CLANG_WARN_OBJC_ROOT_CLASS = YES_ERROR;
				CLANG_WARN_SUSPICIOUS_MOVE = YES;
				CLANG_WARN_UNREACHABLE_CODE = YES;
				CLANG_WARN__DUPLICATE_METHOD_MATCH = YES;
				"CODE_SIGN_IDENTITY[sdk=iphoneos*]" = "iPhone Developer";
				COPY_PHASE_STRIP = NO;
				DEBUG_INFORMATION_FORMAT = "dwarf-with-dsym";
				ENABLE_NS_ASSERTIONS = NO;
				ENABLE_STRICT_OBJC_MSGSEND = YES;
				GCC_C_LANGUAGE_STANDARD = gnu99;
				GCC_NO_COMMON_BLOCKS = YES;
				GCC_WARN_64_TO_32_BIT_CONVERSION = YES;
				GCC_WARN_ABOUT_RETURN_TYPE = YES_ERROR;
				GCC_WARN_UNDECLARED_SELECTOR = YES;
				GCC_WARN_UNINITIALIZED_AUTOS = YES_AGGRESSIVE;
				GCC_WARN_UNUSED_FUNCTION = YES;
				GCC_WARN_UNUSED_VARIABLE = YES;
				IPHONEOS_DEPLOYMENT_TARGET = 10.3;
				MTL_ENABLE_DEBUG_INFO = NO;
				SDKROOT = iphoneos;
				VALIDATE_PRODUCT = YES;
			};
			name = Release;
		};
		2506E39E1FAD67A300628E33 /* Debug */ = {
			isa = XCBuildConfiguration;
			buildSettings = {
				ASSETCATALOG_COMPILER_APPICON_NAME = AppIcon;
				HEADER_SEARCH_PATHS = /usr/include/libxml2;
				INFOPLIST_FILE = "XML解释GDataXML/Info.plist";
				LD_RUNPATH_SEARCH_PATHS = "$(inherited) @executable_path/Frameworks";
				OTHER_LDFLAGS = "-lxml2";
				PRODUCT_BUNDLE_IDENTIFIER = "tbb.XML--GDataXML";
				PRODUCT_NAME = "$(TARGET_NAME)";
			};
			name = Debug;
		};
		2506E39F1FAD67A300628E33 /* Release */ = {
			isa = XCBuildConfiguration;
			buildSettings = {
				ASSETCATALOG_COMPILER_APPICON_NAME = AppIcon;
				HEADER_SEARCH_PATHS = /usr/include/libxml2;
				INFOPLIST_FILE = "XML解释GDataXML/Info.plist";
				LD_RUNPATH_SEARCH_PATHS = "$(inherited) @executable_path/Frameworks";
				OTHER_LDFLAGS = "-lxml2";
				PRODUCT_BUNDLE_IDENTIFIER = "tbb.XML--GDataXML";
				PRODUCT_NAME = "$(TARGET_NAME)";
			};
			name = Release;
		};
		2506E3A11FAD67A300628E33 /* Debug */ = {
			isa = XCBuildConfiguration;
			buildSettings = {
				BUNDLE_LOADER = "$(TEST_HOST)";
				INFOPLIST_FILE = "XML解释GDataXMLTests/Info.plist";
				LD_RUNPATH_SEARCH_PATHS = "$(inherited) @executable_path/Frameworks @loader_path/Frameworks";
				PRODUCT_BUNDLE_IDENTIFIER = "tbb.XML--GDataXMLTests";
				PRODUCT_NAME = "$(TARGET_NAME)";
				TEST_HOST = "$(BUILT_PRODUCTS_DIR)/XML解释GDataXML.app/XML解释GDataXML";
			};
			name = Debug;
		};
		2506E3A21FAD67A300628E33 /* Release */ = {
			isa = XCBuildConfiguration;
			buildSettings = {
				BUNDLE_LOADER = "$(TEST_HOST)";
				INFOPLIST_FILE = "XML解释GDataXMLTests/Info.plist";
				LD_RUNPATH_SEARCH_PATHS = "$(inherited) @executable_path/Frameworks @loader_path/Frameworks";
				PRODUCT_BUNDLE_IDENTIFIER = "tbb.XML--GDataXMLTests";
				PRODUCT_NAME = "$(TARGET_NAME)";
				TEST_HOST = "$(BUILT_PRODUCTS_DIR)/XML解释GDataXML.app/XML解释GDataXML";
			};
			name = Release;
		};
/* End XCBuildConfiguration section */

/* Begin XCConfigurationList section */
		2506E3761FAD67A300628E33 /* Build configuration list for PBXProject "XML解释GDataXML" */ = {
			isa = XCConfigurationList;
			buildConfigurations = (
				2506E39B1FAD67A300628E33 /* Debug */,
				2506E39C1FAD67A300628E33 /* Release */,
			);
			defaultConfigurationIsVisible = 0;
			defaultConfigurationName = Release;
		};
		2506E39D1FAD67A300628E33 /* Build configuration list for PBXNativeTarget "XML解释GDataXML" */ = {
			isa = XCConfigurationList;
			buildConfigurations = (
				2506E39E1FAD67A300628E33 /* Debug */,
				2506E39F1FAD67A300628E33 /* Release */,
			);
			defaultConfigurationIsVisible = 0;
		};
		2506E3A01FAD67A300628E33 /* Build configuration list for PBXNativeTarget "XML解释GDataXMLTests" */ = {
			isa = XCConfigurationList;
			buildConfigurations = (
				2506E3A11FAD67A300628E33 /* Debug */,
				2506E3A21FAD67A300628E33 /* Release */,
			);
			defaultConfigurationIsVisible = 0;
		};
/* End XCConfigurationList section */
	};
	rootObject = 2506E3731FAD67A300628E33 /* Project object */;
}
